
Microsoft Visual Studio Solution File, Format Version 12.00
Project("{FAE04EC0-301F-11D3-BF4B-00C04F79EFBC}") = "MafiCo.Console", "MafiCo.Console\MafiCo.Console.csproj", "{B55B20A6-A722-4A08-B7F6-E8364B94DEE0}"
EndProject
Project("{FAE04EC0-301F-11D3-BF4B-00C04F79EFBC}") = "MafiCo.Domain", "MafiCo.Domain\MafiCo.Domain.csproj", "{C8A4F0E0-64FB-4DB8-AE50-35F65D475E21}"
EndProject
Project("{FAE04EC0-301F-11D3-BF4B-00C04F79EFBC}") = "MafiCo.Infrastructure", "MafiCo.Infrastructure\MafiCo.Infrastructure.csproj", "{FF77BAF4-54DD-4A84-A430-38135B772A26}"
EndProject
Project("{FAE04EC0-301F-11D3-BF4B-00C04F79EFBC}") = "MafiCo.Application", "MafiCo.Application\MafiCo.Application.csproj", "{461E0050-3524-49BB-A7C4-EC5239D8532B}"
EndProject
Global
	GlobalSection(SolutionConfigurationPlatforms) = preSolution
		Debug|Any CPU = Debug|Any CPU
		Release|Any CPU = Release|Any CPU
	EndGlobalSection
	GlobalSection(ProjectConfigurationPlatforms) = postSolution
		{B55B20A6-A722-4A08-B7F6-E8364B94DEE0}.Debug|Any CPU.ActiveCfg = Debug|Any CPU
		{B55B20A6-A722-4A08-B7F6-E8364B94DEE0}.Debug|Any CPU.Build.0 = Debug|Any CPU
		{B55B20A6-A722-4A08-B7F6-E8364B94DEE0}.Release|Any CPU.ActiveCfg = Release|Any CPU
		{B55B20A6-A722-4A08-B7F6-E8364B94DEE0}.Release|Any CPU.Build.0 = Release|Any CPU
		{C8A4F0E0-64FB-4DB8-AE50-35F65D475E21}.Debug|Any CPU.ActiveCfg = Debug|Any CPU
		{C8A4F0E0-64FB-4DB8-AE50-35F65D475E21}.Debug|Any CPU.Build.0 = Debug|Any CPU
		{C8A4F0E0-64FB-4DB8-AE50-35F65D475E21}.Release|Any CPU.ActiveCfg = Release|Any CPU
		{C8A4F0E0-64FB-4DB8-AE50-35F65D475E21}.Release|Any CPU.Build.0 = Release|Any CPU
		{FF77BAF4-54DD-4A84-A430-38135B772A26}.Debug|Any CPU.ActiveCfg = Debug|Any CPU
		{FF77BAF4-54DD-4A84-A430-38135B772A26}.Debug|Any CPU.Build.0 = Debug|Any CPU
		{FF77BAF4-54DD-4A84-A430-38135B772A26}.Release|Any CPU.ActiveCfg = Release|Any CPU
		{FF77BAF4-54DD-4A84-A430-38135B772A26}.Release|Any CPU.Build.0 = Release|Any CPU
		{461E0050-3524-49BB-A7C4-EC5239D8532B}.Debug|Any CPU.ActiveCfg = Debug|Any CPU
		{461E0050-3524-49BB-A7C4-EC5239D8532B}.Debug|Any CPU.Build.0 = Debug|Any CPU
		{461E0050-3524-49BB-A7C4-EC5239D8532B}.Release|Any CPU.ActiveCfg = Release|Any CPU
		{461E0050-3524-49BB-A7C4-EC5239D8532B}.Release|Any CPU.Build.0 = Release|Any CPU
	EndGlobalSection
EndGlobal
